
Microsoft Visual Studio Solution File, Format Version 12.00
# Visual Studio 2013
VisualStudioVersion = 12.0.21005.1
MinimumVisualStudioVersion = 10.0.40219.1
Project("{FAE04EC0-301F-11D3-BF4B-00C04F79EFBC}") = "Unidade_VII", "Unidade_VII\Unidade_VII.csproj", "{C5D88149-515A-488F-B6AD-69EF9C738671}"
EndProject
Project("{FAE04EC0-301F-11D3-BF4B-00C04F79EFBC}") = "Medindo_A_Febre_V", "MedindoAFebreV\Medindo_A_Febre_V.csproj", "{CF4F2A59-2954-44E1-9D13-5C5F69D98932}"
EndProject
Project("{FAE04EC0-301F-11D3-BF4B-00C04F79EFBC}") = "Unidade_VI", "Unidade_VI\Unidade_VI.csproj", "{99B1D18F-4335-4E91-BAD0-B2997EE2713D}"
EndProject
Project("{FAE04EC0-301F-11D3-BF4B-00C04F79EFBC}") = "Unidade_VIII", "Unidade_VIII\Unidade_VIII.csproj", "{345781F7-B2CB-434B-8966-1B5DD9E7CBB3}"
EndProject
Project("{FAE04EC0-301F-11D3-BF4B-00C04F79EFBC}") = "Medindo_A_Febre_VI", "Medindo_A_Febre_VI\Medindo_A_Febre_VI.csproj", "{85175DF9-08EF-4A1D-AE92-1B9EF6882F31}"
EndProject
Project("{FAE04EC0-301F-11D3-BF4B-00C04F79EFBC}") = "UnidadeIX", "UnidadeIX\UnidadeIX.csproj", "{FF6E81DC-DB9D-4E16-8813-D586D4E19CFF}"
EndProject
Project("{FAE04EC0-301F-11D3-BF4B-00C04F79EFBC}") = "Medindo_A_Febre_VII", "Medindo_A_Febre_VII\Medindo_A_Febre_VII.csproj", "{1B33DC37-2D6C-46C3-9B8A-B7C6289DFCF5}"
EndProject
Project("{FAE04EC0-301F-11D3-BF4B-00C04F79EFBC}") = "UnidadeX", "UnidadeX\UnidadeX.csproj", "{7A19611B-0CF1-4B92-8AF3-48AC5F591377}"
EndProject
Global
	GlobalSection(SolutionConfigurationPlatforms) = preSolution
		Debug|Any CPU = Debug|Any CPU
		Release|Any CPU = Release|Any CPU
	EndGlobalSection
	GlobalSection(ProjectConfigurationPlatforms) = postSolution
		{C5D88149-515A-488F-B6AD-69EF9C738671}.Debug|Any CPU.ActiveCfg = Debug|Any CPU
		{C5D88149-515A-488F-B6AD-69EF9C738671}.Debug|Any CPU.Build.0 = Debug|Any CPU
		{C5D88149-515A-488F-B6AD-69EF9C738671}.Release|Any CPU.ActiveCfg = Release|Any CPU
		{C5D88149-515A-488F-B6AD-69EF9C738671}.Release|Any CPU.Build.0 = Release|Any CPU
		{CF4F2A59-2954-44E1-9D13-5C5F69D98932}.Debug|Any CPU.ActiveCfg = Debug|Any CPU
		{CF4F2A59-2954-44E1-9D13-5C5F69D98932}.Debug|Any CPU.Build.0 = Debug|Any CPU
		{CF4F2A59-2954-44E1-9D13-5C5F69D98932}.Release|Any CPU.ActiveCfg = Release|Any CPU
		{CF4F2A59-2954-44E1-9D13-5C5F69D98932}.Release|Any CPU.Build.0 = Release|Any CPU
		{99B1D18F-4335-4E91-BAD0-B2997EE2713D}.Debug|Any CPU.ActiveCfg = Debug|Any CPU
		{99B1D18F-4335-4E91-BAD0-B2997EE2713D}.Debug|Any CPU.Build.0 = Debug|Any CPU
		{99B1D18F-4335-4E91-BAD0-B2997EE2713D}.Release|Any CPU.ActiveCfg = Release|Any CPU
		{99B1D18F-4335-4E91-BAD0-B2997EE2713D}.Release|Any CPU.Build.0 = Release|Any CPU
		{345781F7-B2CB-434B-8966-1B5DD9E7CBB3}.Debug|Any CPU.ActiveCfg = Debug|Any CPU
		{345781F7-B2CB-434B-8966-1B5DD9E7CBB3}.Debug|Any CPU.Build.0 = Debug|Any CPU
		{345781F7-B2CB-434B-8966-1B5DD9E7CBB3}.Release|Any CPU.ActiveCfg = Release|Any CPU
		{345781F7-B2CB-434B-8966-1B5DD9E7CBB3}.Release|Any CPU.Build.0 = Release|Any CPU
		{85175DF9-08EF-4A1D-AE92-1B9EF6882F31}.Debug|Any CPU.ActiveCfg = Debug|Any CPU
		{85175DF9-08EF-4A1D-AE92-1B9EF6882F31}.Debug|Any CPU.Build.0 = Debug|Any CPU
		{85175DF9-08EF-4A1D-AE92-1B9EF6882F31}.Release|Any CPU.ActiveCfg = Release|Any CPU
		{85175DF9-08EF-4A1D-AE92-1B9EF6882F31}.Release|Any CPU.Build.0 = Release|Any CPU
		{FF6E81DC-DB9D-4E16-8813-D586D4E19CFF}.Debug|Any CPU.ActiveCfg = Debug|Any CPU
		{FF6E81DC-DB9D-4E16-8813-D586D4E19CFF}.Debug|Any CPU.Build.0 = Debug|Any CPU
		{FF6E81DC-DB9D-4E16-8813-D586D4E19CFF}.Release|Any CPU.ActiveCfg = Release|Any CPU
		{FF6E81DC-DB9D-4E16-8813-D586D4E19CFF}.Release|Any CPU.Build.0 = Release|Any CPU
		{1B33DC37-2D6C-46C3-9B8A-B7C6289DFCF5}.Debug|Any CPU.ActiveCfg = Debug|Any CPU
		{1B33DC37-2D6C-46C3-9B8A-B7C6289DFCF5}.Debug|Any CPU.Build.0 = Debug|Any CPU
		{1B33DC37-2D6C-46C3-9B8A-B7C6289DFCF5}.Release|Any CPU.ActiveCfg = Release|Any CPU
		{1B33DC37-2D6C-46C3-9B8A-B7C6289DFCF5}.Release|Any CPU.Build.0 = Release|Any CPU
		{7A19611B-0CF1-4B92-8AF3-48AC5F591377}.Debug|Any CPU.ActiveCfg = Debug|Any CPU
		{7A19611B-0CF1-4B92-8AF3-48AC5F591377}.Debug|Any CPU.Build.0 = Debug|Any CPU
		{7A19611B-0CF1-4B92-8AF3-48AC5F591377}.Release|Any CPU.ActiveCfg = Release|Any CPU
		{7A19611B-0CF1-4B92-8AF3-48AC5F591377}.Release|Any CPU.Build.0 = Release|Any CPU
	EndGlobalSection
	GlobalSection(SolutionProperties) = preSolution
		HideSolutionNode = FALSE
	EndGlobalSection
EndGlobal
